
Microsoft Visual Studio Solution File, Format Version 12.00
# Visual Studio Version 17
VisualStudioVersion = 17.9.34728.123
MinimumVisualStudioVersion = 10.0.40219.1
Project("{FAE04EC0-301F-11D3-BF4B-00C04F79EFBC}") = "Weather2EB", "Weather2EB.csproj", "{7C6304C6-3F2E-412D-9217-92D289D5E8A9}"
EndProject
Global
	GlobalSection(SolutionConfigurationPlatforms) = preSolution
		Debug|Any CPU = Debug|Any CPU
		Release|Any CPU = Release|Any CPU
	EndGlobalSection
	GlobalSection(ProjectConfigurationPlatforms) = postSolution
		{7C6304C6-3F2E-412D-9217-92D289D5E8A9}.Debug|Any CPU.ActiveCfg = Debug|Any CPU
		{7C6304C6-3F2E-412D-9217-92D289D5E8A9}.Debug|Any CPU.Build.0 = Debug|Any CPU
		{7C6304C6-3F2E-412D-9217-92D289D5E8A9}.Release|Any CPU.ActiveCfg = Release|Any CPU
		{7C6304C6-3F2E-412D-9217-92D289D5E8A9}.Release|Any CPU.Build.0 = Release|Any CPU
	EndGlobalSection
	GlobalSection(SolutionProperties) = preSolution
		HideSolutionNode = FALSE
	EndGlobalSection
	GlobalSection(ExtensibilityGlobals) = postSolution
		SolutionGuid = {C344B991-2CD1-441D-A8C7-0A71BF61C7CC}
	EndGlobalSection
EndGlobal
